// !$*UTF8*$!
{
	archiveVersion = 1;
	classes = {
	};
	objectVersion = 50;
	objects = {

/* Begin PBXBuildFile section */
		8B9026BF22E95E58003EC1A4 /* AppDelegate.swift in Sources */ = {isa = PBXBuildFile; fileRef = 8B9026BE22E95E58003EC1A4 /* AppDelegate.swift */; };
		8B9026C122E95E58003EC1A4 /* ViewController.swift in Sources */ = {isa = PBXBuildFile; fileRef = 8B9026C022E95E58003EC1A4 /* ViewController.swift */; };
		8B9026C422E95E58003EC1A4 /* Main.storyboard in Resources */ = {isa = PBXBuildFile; fileRef = 8B9026C222E95E58003EC1A4 /* Main.storyboard */; };
		8B9026C622E95E5A003EC1A4 /* Assets.xcassets in Resources */ = {isa = PBXBuildFile; fileRef = 8B9026C522E95E5A003EC1A4 /* Assets.xcassets */; };
		8B9026C922E95E5A003EC1A4 /* LaunchScreen.storyboard in Resources */ = {isa = PBXBuildFile; fileRef = 8B9026C722E95E5A003EC1A4 /* LaunchScreen.storyboard */; };
		B64EEA65F6900B4809B2FC96 /* Pods_ManasekAlHajj.framework in Frameworks */ = {isa = PBXBuildFile; fileRef = D90F6DF82739CCDF6347B66F /* Pods_ManasekAlHajj.framework */; };
/* End PBXBuildFile section */

/* Begin PBXFileReference section */
		8B9026BB22E95E58003EC1A4 /* ManasekAlHajj.app */ = {isa = PBXFileReference; explicitFileType = wrapper.application; includeInIndex = 0; path = ManasekAlHajj.app; sourceTree = BUILT_PRODUCTS_DIR; };
		8B9026BE22E95E58003EC1A4 /* AppDelegate.swift */ = {isa = PBXFileReference; lastKnownFileType = sourcecode.swift; path = AppDelegate.swift; sourceTree = "<group>"; };
		8B9026C022E95E58003EC1A4 /* ViewController.swift */ = {isa = PBXFileReference; lastKnownFileType = sourcecode.swift; path = ViewController.swift; sourceTree = "<group>"; };
		8B9026C322E95E58003EC1A4 /* Base */ = {isa = PBXFileReference; lastKnownFileType = file.storyboard; name = Base; path = Base.lproj/Main.storyboard; sourceTree = "<group>"; };
		8B9026C522E95E5A003EC1A4 /* Assets.xcassets */ = {isa = PBXFileReference; lastKnownFileType = folder.assetcatalog; path = Assets.xcassets; sourceTree = "<group>"; };
		8B9026C822E95E5A003EC1A4 /* Base */ = {isa = PBXFileReference; lastKnownFileType = file.storyboard; name = Base; path = Base.lproj/LaunchScreen.storyboard; sourceTree = "<group>"; };
		8B9026CA22E95E5A003EC1A4 /* Info.plist */ = {isa = PBXFileReference; lastKnownFileType = text.plist.xml; path = Info.plist; sourceTree = "<group>"; };
		99AEA1B478F53F2D1BFE1683 /* Pods-ManasekAlHajj.release.xcconfig */ = {isa = PBXFileReference; includeInIndex = 1; lastKnownFileType = text.xcconfig; name = "Pods-ManasekAlHajj.release.xcconfig"; path = "Target Support Files/Pods-ManasekAlHajj/Pods-ManasekAlHajj.release.xcconfig"; sourceTree = "<group>"; };
		D90F6DF82739CCDF6347B66F /* Pods_ManasekAlHajj.framework */ = {isa = PBXFileReference; explicitFileType = wrapper.framework; includeInIndex = 0; path = Pods_ManasekAlHajj.framework; sourceTree = BUILT_PRODUCTS_DIR; };
		ED9C2F01FA7B8D73BD624437 /* Pods-ManasekAlHajj.debug.xcconfig */ = {isa = PBXFileReference; includeInIndex = 1; lastKnownFileType = text.xcconfig; name = "Pods-ManasekAlHajj.debug.xcconfig"; path = "Target Support Files/Pods-ManasekAlHajj/Pods-ManasekAlHajj.debug.xcconfig"; sourceTree = "<group>"; };
/* End PBXFileReference section */

/* Begin PBXFrameworksBuildPhase section */
		8B9026B822E95E58003EC1A4 /* Frameworks */ = {
			isa = PBXFrameworksBuildPhase;
			buildActionMask = 2147483647;
			files = (
				B64EEA65F6900B4809B2FC96 /* Pods_ManasekAlHajj.framework in Frameworks */,
			);
			runOnlyForDeploymentPostprocessing = 0;
		};
/* End PBXFrameworksBuildPhase section */

/* Begin PBXGroup section */
		85BF420BBBB4C2E31C220D36 /* Pods */ = {
			isa = PBXGroup;
			children = (
				ED9C2F01FA7B8D73BD624437 /* Pods-ManasekAlHajj.debug.xcconfig */,
				99AEA1B478F53F2D1BFE1683 /* Pods-ManasekAlHajj.release.xcconfig */,
			);
			name = Pods;
			path = Pods;
			sourceTree = "<group>";
		};
		8B9026B222E95E58003EC1A4 = {
			isa = PBXGroup;
			children = (
				8B9026BD22E95E58003EC1A4 /* ManasekAlHajj */,
				8B9026BC22E95E58003EC1A4 /* Products */,
				85BF420BBBB4C2E31C220D36 /* Pods */,
				F4D70A55EE3C07364F11CF95 /* Frameworks */,
			);
			sourceTree = "<group>";
		};
		8B9026BC22E95E58003EC1A4 /* Products */ = {
			isa = PBXGroup;
			children = (
				8B9026BB22E95E58003EC1A4 /* ManasekAlHajj.app */,
			);
			name = Products;
			sourceTree = "<group>";
		};
		8B9026BD22E95E58003EC1A4 /* ManasekAlHajj */ = {
			isa = PBXGroup;
			children = (
				8B9026BE22E95E58003EC1A4 /* AppDelegate.swift */,
				8B9026C022E95E58003EC1A4 /* ViewController.swift */,
				8B9026C222E95E58003EC1A4 /* Main.storyboard */,
				8B9026C522E95E5A003EC1A4 /* Assets.xcassets */,
				8B9026C722E95E5A003EC1A4 /* LaunchScreen.storyboard */,
				8B9026CA22E95E5A003EC1A4 /* Info.plist */,
			);
			path = ManasekAlHajj;
			sourceTree = "<group>";
		};
		F4D70A55EE3C07364F11CF95 /* Frameworks */ = {
			isa = PBXGroup;
			children = (
				D90F6DF82739CCDF6347B66F /* Pods_ManasekAlHajj.framework */,
			);
			name = Frameworks;
			sourceTree = "<group>";
		};
/* End PBXGroup section */

/* Begin PBXNativeTarget section */
		8B9026BA22E95E58003EC1A4 /* ManasekAlHajj */ = {
			isa = PBXNativeTarget;
			buildConfigurationList = 8B9026CD22E95E5A003EC1A4 /* Build configuration list for PBXNativeTarget "ManasekAlHajj" */;
			buildPhases = (
				59B53312987899E589CBB332 /* [CP] Check Pods Manifest.lock */,
				8B9026B722E95E58003EC1A4 /* Sources */,
				8B9026B822E95E58003EC1A4 /* Frameworks */,
				8B9026B922E95E58003EC1A4 /* Resources */,
				E326A708DE4F4C84BF2AF302 /* [CP] Embed Pods Frameworks */,
			);
			buildRules = (
			);
			dependencies = (
			);
			name = ManasekAlHajj;
			productName = ManasekAlHajj;
			productReference = 8B9026BB22E95E58003EC1A4 /* ManasekAlHajj.app */;
			productType = "com.apple.product-type.application";
		};
/* End PBXNativeTarget section */

/* Begin PBXProject section */
		8B9026B322E95E58003EC1A4 /* Project object */ = {
			isa = PBXProject;
			attributes = {
				LastSwiftUpdateCheck = 1030;
				LastUpgradeCheck = 1030;
				ORGANIZATIONNAME = "Medhat Mebed";
				TargetAttributes = {
					8B9026BA22E95E58003EC1A4 = {
						CreatedOnToolsVersion = 10.3;
					};
				};
			};
			buildConfigurationList = 8B9026B622E95E58003EC1A4 /* Build configuration list for PBXProject "ManasekAlHajj" */;
			compatibilityVersion = "Xcode 9.3";
			developmentRegion = en;
			hasScannedForEncodings = 0;
			knownRegions = (
				en,
				Base,
			);
			mainGroup = 8B9026B222E95E58003EC1A4;
			productRefGroup = 8B9026BC22E95E58003EC1A4 /* Products */;
			projectDirPath = "";
			projectRoot = "";
			targets = (
				8B9026BA22E95E58003EC1A4 /* ManasekAlHajj */,
			);
		};
/* End PBXProject section */

/* Begin PBXResourcesBuildPhase section */
		8B9026B922E95E58003EC1A4 /* Resources */ = {
			isa = PBXResourcesBuildPhase;
			buildActionMask = 2147483647;
			files = (
				8B9026C922E95E5A003EC1A4 /* LaunchScreen.storyboard in Resources */,
				8B9026C622E95E5A003EC1A4 /* Assets.xcassets in Resources */,
				8B9026C422E95E58003EC1A4 /* Main.storyboard in Resources */,
			);
			runOnlyForDeploymentPostprocessing = 0;
		};
/* End PBXResourcesBuildPhase section */

/* Begin PBXShellScriptBuildPhase section */
		59B53312987899E589CBB332 /* [CP] Check Pods Manifest.lock */ = {
			isa = PBXShellScriptBuildPhase;
			buildActionMask = 2147483647;
			files = (
			);
			inputFileListPaths = (
			);
			inputPaths = (
				"${PODS_PODFILE_DIR_PATH}/Podfile.lock",
				"${PODS_ROOT}/Manifest.lock",
			);
			name = "[CP] Check Pods Manifest.lock";
			outputFileListPaths = (
			);
			outputPaths = (
				"$(DERIVED_FILE_DIR)/Pods-ManasekAlHajj-checkManifestLockResult.txt",
			);
			runOnlyForDeploymentPostprocessing = 0;
			shellPath = /bin/sh;
			shellScript = "diff \"${PODS_PODFILE_DIR_PATH}/Podfile.lock\" \"${PODS_ROOT}/Manifest.lock\" > /dev/null\nif [ $? != 0 ] ; then\n    # print error to STDERR\n    echo \"error: The sandbox is not in sync with the Podfile.lock. Run 'pod install' or update your CocoaPods installation.\" >&2\n    exit 1\nfi\n# This output is used by Xcode 'outputs' to avoid re-running this script phase.\necho \"SUCCESS\" > \"${SCRIPT_OUTPUT_FILE_0}\"\n";
			showEnvVarsInLog = 0;
		};
		E326A708DE4F4C84BF2AF302 /* [CP] Embed Pods Frameworks */ = {
			isa = PBXShellScriptBuildPhase;
			buildActionMask = 2147483647;
			files = (
			);
			inputFileListPaths = (
				"${PODS_ROOT}/Target Support Files/Pods-ManasekAlHajj/Pods-ManasekAlHajj-frameworks-${CONFIGURATION}-input-files.xcfilelist",
			);
			name = "[CP] Embed Pods Frameworks";
			outputFileListPaths = (
				"${PODS_ROOT}/Target Support Files/Pods-ManasekAlHajj/Pods-ManasekAlHajj-frameworks-${CONFIGURATION}-output-files.xcfilelist",
			);
			runOnlyForDeploymentPostprocessing = 0;
			shellPath = /bin/sh;
			shellScript = "\"${PODS_ROOT}/Target Support Files/Pods-ManasekAlHajj/Pods-ManasekAlHajj-frameworks.sh\"\n";
			showEnvVarsInLog = 0;
		};
/* End PBXShellScriptBuildPhase section */

/* Begin PBXSourcesBuildPhase section */
		8B9026B722E95E58003EC1A4 /* Sources */ = {
			isa = PBXSourcesBuildPhase;
			buildActionMask = 2147483647;
			files = (
				8B9026C122E95E58003EC1A4 /* ViewController.swift in Sources */,
				8B9026BF22E95E58003EC1A4 /* AppDelegate.swift in Sources */,
			);
			runOnlyForDeploymentPostprocessing = 0;
		};
/* End PBXSourcesBuildPhase section */

/* Begin PBXVariantGroup section */
		8B9026C222E95E58003EC1A4 /* Main.storyboard */ = {
			isa = PBXVariantGroup;
			children = (
				8B9026C322E95E58003EC1A4 /* Base */,
			);
			name = Main.storyboard;
			sourceTree = "<group>";
		};
		8B9026C722E95E5A003EC1A4 /* LaunchScreen.storyboard */ = {
			isa = PBXVariantGroup;
			children = (
				8B9026C822E95E5A003EC1A4 /* Base */,
			);
			name = LaunchScreen.storyboard;
			sourceTree = "<group>";
		};
/* End PBXVariantGroup section */

/* Begin XCBuildConfiguration section */
		8B9026CB22E95E5A003EC1A4 /* Debug */ = {
			isa = XCBuildConfiguration;
			buildSettings = {
				ALWAYS_SEARCH_USER_PATHS = NO;
				CLANG_ANALYZER_NONNULL = YES;
				CLANG_ANALYZER_NUMBER_OBJECT_CONVERSION = YES_AGGRESSIVE;
				CLANG_CXX_LANGUAGE_STANDARD = "gnu++14";
				CLANG_CXX_LIBRARY = "libc++";
				CLANG_ENABLE_MODULES = YES;
				CLANG_ENABLE_OBJC_ARC = YES;
				CLANG_ENABLE_OBJC_WEAK = YES;
				CLANG_WARN_BLOCK_CAPTURE_AUTORELEASING = YES;
				CLANG_WARN_BOOL_CONVERSION = YES;
				CLANG_WARN_COMMA = YES;
				CLANG_WARN_CONSTANT_CONVERSION = YES;
				CLANG_WARN_DEPRECATED_OBJC_IMPLEMENTATIONS = YES;
				CLANG_WARN_DIRECT_OBJC_ISA_USAGE = YES_ERROR;
				CLANG_WARN_DOCUMENTATION_COMMENTS = YES;
				CLANG_WARN_EMPTY_BODY = YES;
				CLANG_WARN_ENUM_CONVERSION = YES;
				CLANG_WARN_INFINITE_RECURSION = YES;
				CLANG_WARN_INT_CONVERSION = YES;
				CLANG_WARN_NON_LITERAL_NULL_CONVERSION = YES;
				CLANG_WARN_OBJC_IMPLICIT_RETAIN_SELF = YES;
				CLANG_WARN_OBJC_LITERAL_CONVERSION = YES;
				CLANG_WARN_OBJC_ROOT_CLASS = YES_ERROR;
				CLANG_WARN_RANGE_LOOP_ANALYSIS = YES;
				CLANG_WARN_STRICT_PROTOTYPES = YES;
				CLANG_WARN_SUSPICIOUS_MOVE = YES;
				CLANG_WARN_UNGUARDED_AVAILABILITY = YES_AGGRESSIVE;
				CLANG_WARN_UNREACHABLE_CODE = YES;
				CLANG_WARN__DUPLICATE_METHOD_MATCH = YES;
				CODE_SIGN_IDENTITY = "iPhone Developer";
				COPY_PHASE_STRIP = NO;
				DEBUG_INFORMATION_FORMAT = dwarf;
				ENABLE_STRICT_OBJC_MSGSEND = YES;
				ENABLE_TESTABILITY = YES;
				GCC_C_LANGUAGE_STANDARD = gnu11;
				GCC_DYNAMIC_NO_PIC = NO;
				GCC_NO_COMMON_BLOCKS = YES;
				GCC_OPTIMIZATION_LEVEL = 0;
				GCC_PREPROCESSOR_DEFINITIONS = (
					"DEBUG=1",
					"$(inherited)",
				);
				GCC_WARN_64_TO_32_BIT_CONVERSION = YES;
				GCC_WARN_ABOUT_RETURN_TYPE = YES_ERROR;
				GCC_WARN_UNDECLARED_SELECTOR = YES;
				GCC_WARN_UNINITIALIZED_AUTOS = YES_AGGRESSIVE;
				GCC_WARN_UNUSED_FUNCTION = YES;
				GCC_WARN_UNUSED_VARIABLE = YES;
				IPHONEOS_DEPLOYMENT_TARGET = 12.4;
				MTL_ENABLE_DEBUG_INFO = INCLUDE_SOURCE;
				MTL_FAST_MATH = YES;
				ONLY_ACTIVE_ARCH = YES;
				SDKROOT = iphoneos;
				SWIFT_ACTIVE_COMPILATION_CONDITIONS = DEBUG;
				SWIFT_OPTIMIZATION_LEVEL = "-Onone";
			};
			name = Debug;
		};
		8B9026CC22E95E5A003EC1A4 /* Release */ = {
			isa = XCBuildConfiguration;
			buildSettings = {
				ALWAYS_SEARCH_USER_PATHS = NO;
				CLANG_ANALYZER_NONNULL = YES;
				CLANG_ANALYZER_NUMBER_OBJECT_CONVERSION = YES_AGGRESSIVE;
				CLANG_CXX_LANGUAGE_STANDARD = "gnu++14";
				CLANG_CXX_LIBRARY = "libc++";
				CLANG_ENABLE_MODULES = YES;
				CLANG_ENABLE_OBJC_ARC = YES;
				CLANG_ENABLE_OBJC_WEAK = YES;
				CLANG_WARN_BLOCK_CAPTURE_AUTORELEASING = YES;
				CLANG_WARN_BOOL_CONVERSION = YES;
				CLANG_WARN_COMMA = YES;
				CLANG_WARN_CONSTANT_CONVERSION = YES;
				CLANG_WARN_DEPRECATED_OBJC_IMPLEMENTATIONS = YES;
				CLANG_WARN_DIRECT_OBJC_ISA_USAGE = YES_ERROR;
				CLANG_WARN_DOCUMENTATION_COMMENTS = YES;
				CLANG_WARN_EMPTY_BODY = YES;
				CLANG_WARN_ENUM_CONVERSION = YES;
				CLANG_WARN_INFINITE_RECURSION = YES;
				CLANG_WARN_INT_CONVERSION = YES;
				CLANG_WARN_NON_LITERAL_NULL_CONVERSION = YES;
				CLANG_WARN_OBJC_IMPLICIT_RETAIN_SELF = YES;
				CLANG_WARN_OBJC_LITERAL_CONVERSION = YES;
				CLANG_WARN_OBJC_ROOT_CLASS = YES_ERROR;
				CLANG_WARN_RANGE_LOOP_ANALYSIS = YES;
				CLANG_WARN_STRICT_PROTOTYPES = YES;
				CLANG_WARN_SUSPICIOUS_MOVE = YES;
				CLANG_WARN_UNGUARDED_AVAILABILITY = YES_AGGRESSIVE;
				CLANG_WARN_UNREACHABLE_CODE = YES;
				CLANG_WARN__DUPLICATE_METHOD_MATCH = YES;
				CODE_SIGN_IDENTITY = "iPhone Developer";
				COPY_PHASE_STRIP = NO;
				DEBUG_INFORMATION_FORMAT = "dwarf-with-dsym";
				ENABLE_NS_ASSERTIONS = NO;
				ENABLE_STRICT_OBJC_MSGSEND = YES;
				GCC_C_LANGUAGE_STANDARD = gnu11;
				GCC_NO_COMMON_BLOCKS = YES;
				GCC_WARN_64_TO_32_BIT_CONVERSION = YES;
				GCC_WARN_ABOUT_RETURN_TYPE = YES_ERROR;
				GCC_WARN_UNDECLARED_SELECTOR = YES;
				GCC_WARN_UNINITIALIZED_AUTOS = YES_AGGRESSIVE;
				GCC_WARN_UNUSED_FUNCTION = YES;
				GCC_WARN_UNUSED_VARIABLE = YES;
				IPHONEOS_DEPLOYMENT_TARGET = 12.4;
				MTL_ENABLE_DEBUG_INFO = NO;
				MTL_FAST_MATH = YES;
				SDKROOT = iphoneos;
				SWIFT_COMPILATION_MODE = wholemodule;
				SWIFT_OPTIMIZATION_LEVEL = "-O";
				VALIDATE_PRODUCT = YES;
			};
			name = Release;
		};
		8B9026CE22E95E5A003EC1A4 /* Debug */ = {
			isa = XCBuildConfiguration;
			baseConfigurationReference = ED9C2F01FA7B8D73BD624437 /* Pods-ManasekAlHajj.debug.xcconfig */;
			buildSettings = {
				ASSETCATALOG_COMPILER_APPICON_NAME = AppIcon;
				CODE_SIGN_STYLE = Automatic;
				INFOPLIST_FILE = ManasekAlHajj/Info.plist;
				LD_RUNPATH_SEARCH_PATHS = (
					"$(inherited)",
					"@executable_path/Frameworks",
				);
				PRODUCT_BUNDLE_IDENTIFIER = medhat.ManasekAlHajj;
				PRODUCT_NAME = "$(TARGET_NAME)";
				SWIFT_VERSION = 5.0;
				TARGETED_DEVICE_FAMILY = "1,2";
			};
			name = Debug;
		};
		8B9026CF22E95E5A003EC1A4 /* Release */ = {
			isa = XCBuildConfiguration;
			baseConfigurationReference = 99AEA1B478F53F2D1BFE1683 /* Pods-ManasekAlHajj.release.xcconfig */;
			buildSettings = {
				ASSETCATALOG_COMPILER_APPICON_NAME = AppIcon;
				CODE_SIGN_STYLE = Automatic;
				INFOPLIST_FILE = ManasekAlHajj/Info.plist;
				LD_RUNPATH_SEARCH_PATHS = (
					"$(inherited)",
					"@executable_path/Frameworks",
				);
				PRODUCT_BUNDLE_IDENTIFIER = medhat.ManasekAlHajj;
				PRODUCT_NAME = "$(TARGET_NAME)";
				SWIFT_VERSION = 5.0;
				TARGETED_DEVICE_FAMILY = "1,2";
			};
			name = Release;
		};
/* End XCBuildConfiguration section */

/* Begin XCConfigurationList section */
		8B9026B622E95E58003EC1A4 /* Build configuration list for PBXProject "ManasekAlHajj" */ = {
			isa = XCConfigurationList;
			buildConfigurations = (
				8B9026CB22E95E5A003EC1A4 /* Debug */,
				8B9026CC22E95E5A003EC1A4 /* Release */,
			);
			defaultConfigurationIsVisible = 0;
			defaultConfigurationName = Release;
		};
		8B9026CD22E95E5A003EC1A4 /* Build configuration list for PBXNativeTarget "ManasekAlHajj" */ = {
			isa = XCConfigurationList;
			buildConfigurations = (
				8B9026CE22E95E5A003EC1A4 /* Debug */,
				8B9026CF22E95E5A003EC1A4 /* Release */,
			);
			defaultConfigurationIsVisible = 0;
			defaultConfigurationName = Release;
		};
/* End XCConfigurationList section */
	};
	rootObject = 8B9026B322E95E58003EC1A4 /* Project object */;
}
